{
    "_readme": [
        "This file locks the dependencies of your project to a known state",
        "Read more about it at https://getcomposer.org/doc/01-basic-usage.md#composer-lock-the-lock-file",
        "This file is @generated automatically"
    ],
    "hash": "ecf32adfb6aee21fe69c9eb74d90f3c4",
    "content-hash": "51ab4f098ca1f8d9aa968e34f577d3e0",
    "packages": [],
    "packages-dev": [],
    "aliases": [],
    "minimum-stability": "stable",
    "stability-flags": [],
    "prefer-stable": false,
    "prefer-lowest": false,
    "platform": {
        "php": "~5.6",
        "ext-pdo": "*",
        "ext-pdo_mysql": "*",
        "ext-mysqli": "*",
        "ext-xml": "*",
        "ext-json": "*",
        "ext-openssl": "*",
        "ext-curl": "*",
        "ext-gd": "*",
        "ext-mbstring": "*"
    },
    "platform-dev": []
}
