{
    "_readme": [
        "This file locks the dependencies of your project to a known state",
        "Read more about it at https://getcomposer.org/doc/01-basic-usage.md#composer-lock-the-lock-file",
        "This file is @generated automatically"
    ],
    "hash": "f42688e918de291c14b71d7797ae4e1a",
    "content-hash": "128caf187f2fa42e48fad87587ce90c2",
    "packages": [],
    "packages-dev": [],
    "aliases": [],
    "minimum-stability": "stable",
    "stability-flags": [],
    "prefer-stable": false,
    "prefer-lowest": false,
    "platform": {
        "php": "~5.6",
        "ext-pdo": "*",
        "ext-pdo_mysql": "*",
        "ext-mysqli": "*",
        "ext-xml": "*",
        "ext-json": "*",
        "ext-openssl": "*",
        "ext-curl": "*",
        "ext-gd": "*",
        "ext-mbstring": "*",
        "ext-libsodium": "*"
    },
    "platform-dev": []
}
